
Microsoft Visual Studio Solution File, Format Version 12.00
# Visual Studio 14
VisualStudioVersion = 14.0.25420.1
MinimumVisualStudioVersion = 10.0.40219.1
Project("{FAE04EC0-301F-11D3-BF4B-00C04F79EFBC}") = "Kaffeemaschine", "Kaffeemaschine\Kaffeemaschine.csproj", "{E9395F5E-674D-477A-90D1-6ED5A7E60BCE}"
EndProject
Global
	GlobalSection(SolutionConfigurationPlatforms) = preSolution
		Debug|Any CPU = Debug|Any CPU
		Release|Any CPU = Release|Any CPU
	EndGlobalSection
	GlobalSection(ProjectConfigurationPlatforms) = postSolution
		{E9395F5E-674D-477A-90D1-6ED5A7E60BCE}.Debug|Any CPU.ActiveCfg = Debug|Any CPU
		{E9395F5E-674D-477A-90D1-6ED5A7E60BCE}.Debug|Any CPU.Build.0 = Debug|Any CPU
		{E9395F5E-674D-477A-90D1-6ED5A7E60BCE}.Release|Any CPU.ActiveCfg = Release|Any CPU
		{E9395F5E-674D-477A-90D1-6ED5A7E60BCE}.Release|Any CPU.Build.0 = Release|Any CPU
	EndGlobalSection
	GlobalSection(SolutionProperties) = preSolution
		HideSolutionNode = FALSE
	EndGlobalSection
EndGlobal
